
Microsoft Visual Studio Solution File, Format Version 12.00
# Visual Studio Version 17
VisualStudioVersion = 17.7.34202.233
MinimumVisualStudioVersion = 10.0.40219.1
Project("{9A19103F-16F7-4668-BE54-9A1E7A4F7556}") = "BusTicketingWebApplication", "BusTicketingWebApplication\BusTicketingWebApplication.csproj", "{9CA07A93-D7EC-4B48-8D7C-C81206DE4385}"
EndProject
Project("{FAE04EC0-301F-11D3-BF4B-00C04F79EFBC}") = "EBusTicketingTest", "EBusTicketingTest\EBusTicketingTest.csproj", "{A403988F-5DC8-461F-8760-4C25C0B528AF}"
EndProject
Global
	GlobalSection(SolutionConfigurationPlatforms) = preSolution
		Debug|Any CPU = Debug|Any CPU
		Release|Any CPU = Release|Any CPU
	EndGlobalSection
	GlobalSection(ProjectConfigurationPlatforms) = postSolution
		{9CA07A93-D7EC-4B48-8D7C-C81206DE4385}.Debug|Any CPU.ActiveCfg = Debug|Any CPU
		{9CA07A93-D7EC-4B48-8D7C-C81206DE4385}.Debug|Any CPU.Build.0 = Debug|Any CPU
		{9CA07A93-D7EC-4B48-8D7C-C81206DE4385}.Release|Any CPU.ActiveCfg = Release|Any CPU
		{9CA07A93-D7EC-4B48-8D7C-C81206DE4385}.Release|Any CPU.Build.0 = Release|Any CPU
		{A403988F-5DC8-461F-8760-4C25C0B528AF}.Debug|Any CPU.ActiveCfg = Debug|Any CPU
		{A403988F-5DC8-461F-8760-4C25C0B528AF}.Debug|Any CPU.Build.0 = Debug|Any CPU
		{A403988F-5DC8-461F-8760-4C25C0B528AF}.Release|Any CPU.ActiveCfg = Release|Any CPU
		{A403988F-5DC8-461F-8760-4C25C0B528AF}.Release|Any CPU.Build.0 = Release|Any CPU
	EndGlobalSection
	GlobalSection(SolutionProperties) = preSolution
		HideSolutionNode = FALSE
	EndGlobalSection
	GlobalSection(ExtensibilityGlobals) = postSolution
		SolutionGuid = {794BB54A-70E6-46CE-8C53-188F78334388}
	EndGlobalSection
EndGlobal
